
Microsoft Visual Studio Solution File, Format Version 12.00
# Visual Studio 2013
VisualStudioVersion = 12.0.40629.0
MinimumVisualStudioVersion = 10.0.40219.1
Project("{FAE04EC0-301F-11D3-BF4B-00C04F79EFBC}") = "EntityValidator", "EntityValidator\EntityValidator.csproj", "{61869836-CEFC-4B8F-A0CD-17B80EC1F3A6}"
EndProject
Project("{FAE04EC0-301F-11D3-BF4B-00C04F79EFBC}") = "EntityValidatorTest", "EntityValidatorTest\EntityValidatorTest.csproj", "{13B7D0B1-F51E-49C5-B980-338599C7C9E2}"
EndProject
Global
	GlobalSection(SolutionConfigurationPlatforms) = preSolution
		Debug|Any CPU = Debug|Any CPU
		Release|Any CPU = Release|Any CPU
	EndGlobalSection
	GlobalSection(ProjectConfigurationPlatforms) = postSolution
		{61869836-CEFC-4B8F-A0CD-17B80EC1F3A6}.Debug|Any CPU.ActiveCfg = Debug|Any CPU
		{61869836-CEFC-4B8F-A0CD-17B80EC1F3A6}.Debug|Any CPU.Build.0 = Debug|Any CPU
		{61869836-CEFC-4B8F-A0CD-17B80EC1F3A6}.Release|Any CPU.ActiveCfg = Release|Any CPU
		{61869836-CEFC-4B8F-A0CD-17B80EC1F3A6}.Release|Any CPU.Build.0 = Release|Any CPU
		{13B7D0B1-F51E-49C5-B980-338599C7C9E2}.Debug|Any CPU.ActiveCfg = Debug|Any CPU
		{13B7D0B1-F51E-49C5-B980-338599C7C9E2}.Debug|Any CPU.Build.0 = Debug|Any CPU
		{13B7D0B1-F51E-49C5-B980-338599C7C9E2}.Release|Any CPU.ActiveCfg = Release|Any CPU
		{13B7D0B1-F51E-49C5-B980-338599C7C9E2}.Release|Any CPU.Build.0 = Release|Any CPU
	EndGlobalSection
	GlobalSection(SolutionProperties) = preSolution
		HideSolutionNode = FALSE
	EndGlobalSection
EndGlobal
